
Microsoft Visual Studio Solution File, Format Version 12.00
# Visual Studio Version 17
VisualStudioVersion = 17.14.36301.6 d17.14
MinimumVisualStudioVersion = 10.0.40219.1
Project("{FAE04EC0-301F-11D3-BF4B-00C04F79EFBC}") = "Count the Number of Vowel Strings in Range", "Count the Number of Vowel Strings in Range\Count the Number of Vowel Strings in Range.csproj", "{C9287BB1-73A4-41E6-856B-147AF3BC9F41}"
EndProject
Global
	GlobalSection(SolutionConfigurationPlatforms) = preSolution
		Debug|Any CPU = Debug|Any CPU
		Release|Any CPU = Release|Any CPU
	EndGlobalSection
	GlobalSection(ProjectConfigurationPlatforms) = postSolution
		{C9287BB1-73A4-41E6-856B-147AF3BC9F41}.Debug|Any CPU.ActiveCfg = Debug|Any CPU
		{C9287BB1-73A4-41E6-856B-147AF3BC9F41}.Debug|Any CPU.Build.0 = Debug|Any CPU
		{C9287BB1-73A4-41E6-856B-147AF3BC9F41}.Release|Any CPU.ActiveCfg = Release|Any CPU
		{C9287BB1-73A4-41E6-856B-147AF3BC9F41}.Release|Any CPU.Build.0 = Release|Any CPU
	EndGlobalSection
	GlobalSection(SolutionProperties) = preSolution
		HideSolutionNode = FALSE
	EndGlobalSection
	GlobalSection(ExtensibilityGlobals) = postSolution
		SolutionGuid = {3B6305D1-7439-4D92-A0AC-0557DCF1DAB0}
	EndGlobalSection
EndGlobal
